<Solution>
  <Folder Name="/Solution Items/">
    <File Path=".gitattributes" />
    <File Path=".gitignore" />
    <File Path=".github/workflows/Cogito.AspNet.ServiceModel.yml" />
    <File Path="Cogito.AspNet.ServiceModel.dist.msbuildproj" />
    <File Path="GitVersion.yml" />
    <File Path="global.json" />
    <File Path="README.md" />
  </Folder>
  <Project Path="src/Cogito.AspNet.ServiceModel/Cogito.AspNet.ServiceModel.csproj" />
  <Folder Name="/dist/">
    <Project Path="src/dist-nuget/dist-nuget.csproj" />
  </Folder>
</Solution>
